
Microsoft Visual Studio Solution File, Format Version 12.00
# Visual Studio Version 16
VisualStudioVersion = 16.0.32602.291
MinimumVisualStudioVersion = 10.0.40219.1
Project("{2150E333-8FDC-42A3-9474-1A3956D46DE8}") = "API.DA", "API.DA", "{0AA73422-22DC-41A7-AC5A-681819CBA95D}"
EndProject
Project("{FAE04EC0-301F-11D3-BF4B-00C04F79EFBC}") = "ADMIN.API.DA", "ADMIN.API.DA\ADMIN.API.DA.csproj", "{C45848D7-3F4E-4DF5-9032-046F3677A30C}"
EndProject
Project("{2150E333-8FDC-42A3-9474-1A3956D46DE8}") = "API.FW", "API.FW", "{872D19E7-3E35-4237-93DC-5EEFD53E1B83}"
EndProject
Project("{2150E333-8FDC-42A3-9474-1A3956D46DE8}") = "API.WEB", "API.WEB", "{1F1ADB34-6B68-48CD-AEF5-BFBCD50F9228}"
EndProject
Project("{FAE04EC0-301F-11D3-BF4B-00C04F79EFBC}") = "ADMIN.WEB.API", "ADMIN.WEB.API\ADMIN.WEB.API.csproj", "{2C8A2CD2-AC10-4918-89B6-A8B306F4B9F6}"
EndProject
Project("{FAE04EC0-301F-11D3-BF4B-00C04F79EFBC}") = "Statnco.FW.Dac", "..\Statnco.Framework\Statnco.Framework.Dac\Statnco.FW.Dac.csproj", "{2DFD76FC-147D-4720-80F2-F636AF0AFB00}"
EndProject
Project("{FAE04EC0-301F-11D3-BF4B-00C04F79EFBC}") = "Statnco.FW.Util", "..\Statnco.Framework\Statnco.FW.Util\Statnco.FW.Util.csproj", "{40D92F01-04D7-48E4-A826-2532D9BECD5F}"
EndProject
Global
	GlobalSection(SolutionConfigurationPlatforms) = preSolution
		Debug|Any CPU = Debug|Any CPU
		Debug|x86 = Debug|x86
		Release|Any CPU = Release|Any CPU
		Release|x86 = Release|x86
	EndGlobalSection
	GlobalSection(ProjectConfigurationPlatforms) = postSolution
		{C45848D7-3F4E-4DF5-9032-046F3677A30C}.Debug|Any CPU.ActiveCfg = Debug|Any CPU
		{C45848D7-3F4E-4DF5-9032-046F3677A30C}.Debug|Any CPU.Build.0 = Debug|Any CPU
		{C45848D7-3F4E-4DF5-9032-046F3677A30C}.Debug|x86.ActiveCfg = Debug|Any CPU
		{C45848D7-3F4E-4DF5-9032-046F3677A30C}.Debug|x86.Build.0 = Debug|Any CPU
		{C45848D7-3F4E-4DF5-9032-046F3677A30C}.Release|Any CPU.ActiveCfg = Release|Any CPU
		{C45848D7-3F4E-4DF5-9032-046F3677A30C}.Release|Any CPU.Build.0 = Release|Any CPU
		{C45848D7-3F4E-4DF5-9032-046F3677A30C}.Release|x86.ActiveCfg = Release|Any CPU
		{C45848D7-3F4E-4DF5-9032-046F3677A30C}.Release|x86.Build.0 = Release|Any CPU
		{2C8A2CD2-AC10-4918-89B6-A8B306F4B9F6}.Debug|Any CPU.ActiveCfg = Debug|Any CPU
		{2C8A2CD2-AC10-4918-89B6-A8B306F4B9F6}.Debug|Any CPU.Build.0 = Debug|Any CPU
		{2C8A2CD2-AC10-4918-89B6-A8B306F4B9F6}.Debug|x86.ActiveCfg = Debug|Any CPU
		{2C8A2CD2-AC10-4918-89B6-A8B306F4B9F6}.Debug|x86.Build.0 = Debug|Any CPU
		{2C8A2CD2-AC10-4918-89B6-A8B306F4B9F6}.Release|Any CPU.ActiveCfg = Release|Any CPU
		{2C8A2CD2-AC10-4918-89B6-A8B306F4B9F6}.Release|Any CPU.Build.0 = Release|Any CPU
		{2C8A2CD2-AC10-4918-89B6-A8B306F4B9F6}.Release|x86.ActiveCfg = Release|Any CPU
		{2C8A2CD2-AC10-4918-89B6-A8B306F4B9F6}.Release|x86.Build.0 = Release|Any CPU
		{2DFD76FC-147D-4720-80F2-F636AF0AFB00}.Debug|Any CPU.ActiveCfg = Debug|Any CPU
		{2DFD76FC-147D-4720-80F2-F636AF0AFB00}.Debug|Any CPU.Build.0 = Debug|Any CPU
		{2DFD76FC-147D-4720-80F2-F636AF0AFB00}.Debug|x86.ActiveCfg = Debug|x86
		{2DFD76FC-147D-4720-80F2-F636AF0AFB00}.Debug|x86.Build.0 = Debug|x86
		{2DFD76FC-147D-4720-80F2-F636AF0AFB00}.Release|Any CPU.ActiveCfg = Release|Any CPU
		{2DFD76FC-147D-4720-80F2-F636AF0AFB00}.Release|Any CPU.Build.0 = Release|Any CPU
		{2DFD76FC-147D-4720-80F2-F636AF0AFB00}.Release|x86.ActiveCfg = Release|x86
		{2DFD76FC-147D-4720-80F2-F636AF0AFB00}.Release|x86.Build.0 = Release|x86
		{40D92F01-04D7-48E4-A826-2532D9BECD5F}.Debug|Any CPU.ActiveCfg = Debug|Any CPU
		{40D92F01-04D7-48E4-A826-2532D9BECD5F}.Debug|Any CPU.Build.0 = Debug|Any CPU
		{40D92F01-04D7-48E4-A826-2532D9BECD5F}.Debug|x86.ActiveCfg = Debug|Any CPU
		{40D92F01-04D7-48E4-A826-2532D9BECD5F}.Debug|x86.Build.0 = Debug|Any CPU
		{40D92F01-04D7-48E4-A826-2532D9BECD5F}.Release|Any CPU.ActiveCfg = Release|Any CPU
		{40D92F01-04D7-48E4-A826-2532D9BECD5F}.Release|Any CPU.Build.0 = Release|Any CPU
		{40D92F01-04D7-48E4-A826-2532D9BECD5F}.Release|x86.ActiveCfg = Release|Any CPU
		{40D92F01-04D7-48E4-A826-2532D9BECD5F}.Release|x86.Build.0 = Release|Any CPU
	EndGlobalSection
	GlobalSection(SolutionProperties) = preSolution
		HideSolutionNode = FALSE
	EndGlobalSection
	GlobalSection(NestedProjects) = preSolution
		{C45848D7-3F4E-4DF5-9032-046F3677A30C} = {0AA73422-22DC-41A7-AC5A-681819CBA95D}
		{2C8A2CD2-AC10-4918-89B6-A8B306F4B9F6} = {1F1ADB34-6B68-48CD-AEF5-BFBCD50F9228}
		{2DFD76FC-147D-4720-80F2-F636AF0AFB00} = {872D19E7-3E35-4237-93DC-5EEFD53E1B83}
		{40D92F01-04D7-48E4-A826-2532D9BECD5F} = {872D19E7-3E35-4237-93DC-5EEFD53E1B83}
	EndGlobalSection
	GlobalSection(ExtensibilityGlobals) = postSolution
		EnterpriseLibraryConfigurationToolBinariesPathV6 = packages\EnterpriseLibrary.Data.6.0.1304.0\lib\NET45;packages\EnterpriseLibrary.Common.6.0.1304.0\lib\NET45
		SolutionGuid = {3C90273B-9494-448D-8D11-5A74BE7CB622}
	EndGlobalSection
EndGlobal
